Microsoft Visual Studio Solution File, Format Version 12.00
# Visual Studio Version 17
VisualStudioVersion = 17.14.36203.30 d17.14
MinimumVisualStudioVersion = 10.0.40219.1
Project("{FAE04EC0-301F-11D3-BF4B-00C04F79EFBC}") = "BuchbergersAlgorithm", "BuchbergersAlgorithm\BuchbergersAlgorithm.csproj", "{C846D7D2-6D76-4BA2-A1B8-7EFA7E14B51D}"
EndProject
Project("{FAE04EC0-301F-11D3-BF4B-00C04F79EFBC}") = "BuchbergersAlgorithmTest", "BuchbergersAlgorithmTest\BuchbergersAlgorithmTest.csproj", "{444C5466-F8FC-46E6-B6F8-88D6D2C0A225}"
EndProject
Global
	GlobalSection(SolutionConfigurationPlatforms) = preSolution
		Debug|Any CPU = Debug|Any CPU
		Release|Any CPU = Release|Any CPU
	EndGlobalSection
	GlobalSection(ProjectConfigurationPlatforms) = postSolution
		{C846D7D2-6D76-4BA2-A1B8-7EFA7E14B51D}.Debug|Any CPU.ActiveCfg = Debug|Any CPU
		{C846D7D2-6D76-4BA2-A1B8-7EFA7E14B51D}.Debug|Any CPU.Build.0 = Debug|Any CPU
		{C846D7D2-6D76-4BA2-A1B8-7EFA7E14B51D}.Release|Any CPU.ActiveCfg = Release|Any CPU
		{C846D7D2-6D76-4BA2-A1B8-7EFA7E14B51D}.Release|Any CPU.Build.0 = Release|Any CPU
		{444C5466-F8FC-46E6-B6F8-88D6D2C0A225}.Debug|Any CPU.ActiveCfg = Debug|Any CPU
		{444C5466-F8FC-46E6-B6F8-88D6D2C0A225}.Debug|Any CPU.Build.0 = Debug|Any CPU
		{444C5466-F8FC-46E6-B6F8-88D6D2C0A225}.Release|Any CPU.ActiveCfg = Release|Any CPU
		{444C5466-F8FC-46E6-B6F8-88D6D2C0A225}.Release|Any CPU.Build.0 = Release|Any CPU
	EndGlobalSection
	GlobalSection(SolutionProperties) = preSolution
		HideSolutionNode = FALSE
	EndGlobalSection
	GlobalSection(ExtensibilityGlobals) = postSolution
		SolutionGuid = {FC30BE61-F5A8-49AC-BA67-AA9282210B89}
	EndGlobalSection
EndGlobal
